
Microsoft Visual Studio Solution File, Format Version 12.00
# Visual Studio Version 17
VisualStudioVersion = 17.7.34024.191
MinimumVisualStudioVersion = 10.0.40219.1
Project("{FAE04EC0-301F-11D3-BF4B-00C04F79EFBC}") = "guardness", "guardness\guardness.csproj", "{0D497C7F-AF7D-4C89-9D61-F269DB6118F8}"
EndProject
Global
	GlobalSection(SolutionConfigurationPlatforms) = preSolution
		Debug|Any CPU = Debug|Any CPU
		Release|Any CPU = Release|Any CPU
	EndGlobalSection
	GlobalSection(ProjectConfigurationPlatforms) = postSolution
		{0D497C7F-AF7D-4C89-9D61-F269DB6118F8}.Debug|Any CPU.ActiveCfg = Debug|Any CPU
		{0D497C7F-AF7D-4C89-9D61-F269DB6118F8}.Debug|Any CPU.Build.0 = Debug|Any CPU
		{0D497C7F-AF7D-4C89-9D61-F269DB6118F8}.Release|Any CPU.ActiveCfg = Release|Any CPU
		{0D497C7F-AF7D-4C89-9D61-F269DB6118F8}.Release|Any CPU.Build.0 = Release|Any CPU
	EndGlobalSection
	GlobalSection(SolutionProperties) = preSolution
		HideSolutionNode = FALSE
	EndGlobalSection
	GlobalSection(ExtensibilityGlobals) = postSolution
		SolutionGuid = {8BB55657-5F72-42AA-B93A-28CC11555742}
	EndGlobalSection
EndGlobal
